
Microsoft Visual Studio Solution File, Format Version 12.00
# Visual Studio 15
VisualStudioVersion = 15.0.28010.2036
MinimumVisualStudioVersion = 10.0.40219.1
Project("{FAE04EC0-301F-11D3-BF4B-00C04F79EFBC}") = "BébéProgram", "BébéProgram\BébéProgram.csproj", "{786F1C35-391C-4CA4-8043-C8AAB991EFC7}"
EndProject
Global
	GlobalSection(SolutionConfigurationPlatforms) = preSolution
		Debug|Any CPU = Debug|Any CPU
		Release|Any CPU = Release|Any CPU
	EndGlobalSection
	GlobalSection(ProjectConfigurationPlatforms) = postSolution
		{786F1C35-391C-4CA4-8043-C8AAB991EFC7}.Debug|Any CPU.ActiveCfg = Debug|Any CPU
		{786F1C35-391C-4CA4-8043-C8AAB991EFC7}.Debug|Any CPU.Build.0 = Debug|Any CPU
		{786F1C35-391C-4CA4-8043-C8AAB991EFC7}.Release|Any CPU.ActiveCfg = Release|Any CPU
		{786F1C35-391C-4CA4-8043-C8AAB991EFC7}.Release|Any CPU.Build.0 = Release|Any CPU
	EndGlobalSection
	GlobalSection(SolutionProperties) = preSolution
		HideSolutionNode = FALSE
	EndGlobalSection
	GlobalSection(ExtensibilityGlobals) = postSolution
		SolutionGuid = {9BAB582B-B929-4E1D-B818-031DEA3A4F98}
	EndGlobalSection
EndGlobal
