
Microsoft Visual Studio Solution File, Format Version 12.00
# Visual Studio 15
VisualStudioVersion = 15.0.27703.2047
MinimumVisualStudioVersion = 10.0.40219.1
Project("{FAE04EC0-301F-11D3-BF4B-00C04F79EFBC}") = "IntegratedConsole", "IntegratedConsole\IntegratedConsole.csproj", "{9C7F0A9B-EED0-4F69-8398-FAB112CC43DD}"
EndProject
Global
	GlobalSection(SolutionConfigurationPlatforms) = preSolution
		Debug|Any CPU = Debug|Any CPU
		Release|Any CPU = Release|Any CPU
	EndGlobalSection
	GlobalSection(ProjectConfigurationPlatforms) = postSolution
		{9C7F0A9B-EED0-4F69-8398-FAB112CC43DD}.Debug|Any CPU.ActiveCfg = Debug|Any CPU
		{9C7F0A9B-EED0-4F69-8398-FAB112CC43DD}.Debug|Any CPU.Build.0 = Debug|Any CPU
		{9C7F0A9B-EED0-4F69-8398-FAB112CC43DD}.Release|Any CPU.ActiveCfg = Release|Any CPU
		{9C7F0A9B-EED0-4F69-8398-FAB112CC43DD}.Release|Any CPU.Build.0 = Release|Any CPU
	EndGlobalSection
	GlobalSection(SolutionProperties) = preSolution
		HideSolutionNode = FALSE
	EndGlobalSection
	GlobalSection(ExtensibilityGlobals) = postSolution
		SolutionGuid = {76A5CBC5-4F28-4500-B147-37BA5DEBA260}
	EndGlobalSection
EndGlobal
