
Microsoft Visual Studio Solution File, Format Version 12.00
Project("{FAE04EC0-301F-11D3-BF4B-00C04F79EFBC}") = "MSBuildTesting", "MSBuildTesting.csproj", "{3FB66BD5-1DFD-437B-A80B-7E3DC0FA7125}"
EndProject
Global
	GlobalSection(SolutionConfigurationPlatforms) = preSolution
		Debug|Any CPU = Debug|Any CPU
		Release|Any CPU = Release|Any CPU
	EndGlobalSection
	GlobalSection(ProjectConfigurationPlatforms) = postSolution
		{3FB66BD5-1DFD-437B-A80B-7E3DC0FA7125}.Debug|Any CPU.ActiveCfg = Debug|Any CPU
		{3FB66BD5-1DFD-437B-A80B-7E3DC0FA7125}.Debug|Any CPU.Build.0 = Debug|Any CPU
		{3FB66BD5-1DFD-437B-A80B-7E3DC0FA7125}.Release|Any CPU.ActiveCfg = Release|Any CPU
		{3FB66BD5-1DFD-437B-A80B-7E3DC0FA7125}.Release|Any CPU.Build.0 = Release|Any CPU
	EndGlobalSection
EndGlobal
